{
  "version": 4,
  "terraform_version": "1.3.7",
  "serial": 8,
  "lineage": "2cb63df4-c73a-cdf2-0663-b64b7b61416c",
  "outputs": {},
  "resources": [
    {
      "mode": "data",
      "type": "digitalocean_ssh_key",
      "name": "jornada",
      "provider": "provider[\"registry.terraform.io/digitalocean/digitalocean\"]",
      "instances": [
        {
          "schema_version": 0,
          "attributes": {
            "fingerprint": "15:30:aa:68:e6:d7:90:d5:34:60:0a:29:ee:83:be:c7",
            "id": 37380774,
            "name": "Jornada",
            "public_key": "ssh-rsa AAAAB3NzaC1yc2EAAAADAQABAAABAQDlEA8vtnZ5u/ui6IdM5jwPgf7XgoUfcVc131GOJapRLM3NUMs4kaG9mX8u2gz89ZukyEoLDXg5LAIebFIib/YX3oBFsBGxwx9foeG6FQrmzDtRB7WFzS0bOif9p9JFOyK1SdrFjW+V0+zbe5divZbpJ/8cpr9OxR7k3ezDtWq1CoVp8cf8mAF1XpqpGBfAi0bUw5Jj3O6qlHWs51Q9DmXVBj+/VWyS7bFpDVXVrixiea9rahqxMUZN++5QfB4xwP7w3O4OenQeLw1ggfsO1Mc1UfmxPCYvootKI0LNSxvl+Ti7RgMm7YG4/lcPE50+swD2wyVRTW4KdvCyPfjIMpa1 nico@pop-os\n"
          },
          "sensitive_attributes": []
        }
      ]
    },
    {
      "mode": "managed",
      "type": "digitalocean_droplet",
      "name": "jenkins",
      "provider": "provider[\"registry.terraform.io/digitalocean/digitalocean\"]",
      "instances": [
        {
          "schema_version": 1,
          "attributes": {
            "backups": false,
            "created_at": "2023-01-28T23:39:32Z",
            "disk": 60,
            "droplet_agent": null,
            "graceful_shutdown": false,
            "id": "338035759",
            "image": "ubuntu-22-04-x64",
            "ipv4_address": "137.184.146.41",
            "ipv4_address_private": "10.116.0.2",
            "ipv6": false,
            "ipv6_address": "",
            "locked": false,
            "memory": 2048,
            "monitoring": false,
            "name": "jenkins",
            "price_hourly": 0.02679,
            "price_monthly": 18,
            "private_networking": true,
            "region": "nyc1",
            "resize_disk": true,
            "size": "s-2vcpu-2gb",
            "ssh_keys": [
              "37380774"
            ],
            "status": "active",
            "tags": [],
            "timeouts": null,
            "urn": "do:droplet:338035759",
            "user_data": null,
            "vcpus": 2,
            "volume_ids": [],
            "vpc_uuid": "0e06f595-02cc-4d54-a6b7-d447ba4b1d91"
          },
          "sensitive_attributes": [],
          "private": "eyJlMmJmYjczMC1lY2FhLTExZTYtOGY4OC0zNDM2M2JjN2M0YzAiOnsiY3JlYXRlIjozNjAwMDAwMDAwMDAwLCJkZWxldGUiOjYwMDAwMDAwMDAwLCJ1cGRhdGUiOjM2MDAwMDAwMDAwMDB9LCJzY2hlbWFfdmVyc2lvbiI6IjEifQ==",
          "dependencies": [
            "data.digitalocean_ssh_key.jornada"
          ]
        }
      ]
    },
    {
      "mode": "managed",
      "type": "digitalocean_kubernetes_cluster",
      "name": "k8s",
      "provider": "provider[\"registry.terraform.io/digitalocean/digitalocean\"]",
      "instances": [
        {
          "schema_version": 3,
          "attributes": {
            "auto_upgrade": false,
            "cluster_subnet": "10.244.0.0/16",
            "created_at": "2023-01-29 00:52:12 +0000 UTC",
            "endpoint": "https://34229cd8-728b-4018-976e-dc63be65b9d8.k8s.ondigitalocean.com",
            "ha": false,
            "id": "34229cd8-728b-4018-976e-dc63be65b9d8",
            "ipv4_address": "",
            "kube_config": [
              {
                "client_certificate": "",
                "client_key": "",
                "cluster_ca_certificate": "LS0tLS1CRUdJTiBDRVJUSUZJQ0FURS0tLS0tCk1JSURKekNDQWcrZ0F3SUJBZ0lDQm5Vd0RRWUpLb1pJaHZjTkFRRUxCUUF3TXpFVk1CTUdBMVVFQ2hNTVJHbG4KYVhSaGJFOWpaV0Z1TVJvd0dBWURWUVFERXhGck9ITmhZWE1nUTJ4MWMzUmxjaUJEUVRBZUZ3MHlNekF4TWprdwpNRFV5TWpKYUZ3MDBNekF4TWprd01EVXlNakphTURNeEZUQVRCZ05WQkFvVERFUnBaMmwwWVd4UFkyVmhiakVhCk1CZ0dBMVVFQXhNUmF6aHpZV0Z6SUVOc2RYTjBaWElnUTBFd2dnRWlNQTBHQ1NxR1NJYjNEUUVCQVFVQUE0SUIKRHdBd2dnRUtBb0lCQVFER1JPdXp2L0piU24vaDFiWmZRc0s5RnkrZnRGSzZCNlpqOU11MTRucmJmL2E5V0Z4dwpiM29pTGdDWStBVFpEOHAybS9waDltUG9BMVFnSzBYM3BkZ1lkcE0xQlFXbW1wRWQ5ZFJsZzBlU1BsWHlsODhtClNQTGRLcE9waWM4WldHd2YxTVRLMi82bGY3MzNHanBicU14aE1NWWVsUiszYldLYmZBNTlkVzVkNHJqN1Yyck0KSEExY2g4c25wTmo1cWJZeG92dFZHbWNxWG9ESG4zc2V4b2NEUFdJL3N3RSs2ZjVLZnVteFUzaDZTWlhBOFc1bgpzRmZ1ZDFFelFhUkUvVjdEdU4xOEh1b3E5SGUzR3RMRGppWGdTMDg1L2VkejZDZjRpSVFTMzhza01FSHJzWjU4Cnl1VzRzZVpOdU0zSUt6U01TMXlhM2Jkam9pZ0p2UTdnUktvaEFnTUJBQUdqUlRCRE1BNEdBMVVkRHdFQi93UUUKQXdJQmhqQVNCZ05WSFJNQkFmOEVDREFHQVFIL0FnRUFNQjBHQTFVZERnUVdCQlRxeDhySk9oOXFDZTZOTEJpNApnR29HOUxVSmtqQU5CZ2txaGtpRzl3MEJBUXNGQUFPQ0FRRUFnb0tTL2ZBQzBmak5ualNoOERKZnQ5S3R1Sk95CmI1TXcwZ0hDd1RZbXFrV3VEUS9rVFNWU0VpZU00c3B1UUg2VVVRSEdhQnJCZ1R5RW5sRjFNcmw3LzBSL3lja28KNk5wMkQ0T2wzeTI3aEwrcDFVMGtDWWFQaDF3SXJjdDdqNk45eVJkaFQyZkwxZHpIQU1aQnNiTWV2eHJWNklOVgpCdytUZTkrT2FOR3RIbVFrODFzOXFiOTQ3NHU1amNseFR4Tk04c0Q3RlVMNnRXZVVsNlJTeXhab0R6SW5VVi8wCktKeXREMTQxaG5ONzNQNkhOS0F0RlBoZE1TTTlpNXRzQUM4U29WZlN2enFZYjdldFk2bUdISzN1ODUxQUhnOEIKMUtHbHI4RGg4em5JZk5uR3dBaDJwMVpGTzBNaUdwblJ2UXJYd3ZpQWQ2c2V4RVZudFdENDcyUCtndz09Ci0tLS0tRU5EIENFUlRJRklDQVRFLS0tLS0K",
                "expires_at": "2023-02-05T00:57:14Z",
                "host": "https://34229cd8-728b-4018-976e-dc63be65b9d8.k8s.ondigitalocean.com",
                "raw_config": "apiVersion: v1\nkind: Config\nclusters:\n- cluster:\n    certificate-authority-data: LS0tLS1CRUdJTiBDRVJUSUZJQ0FURS0tLS0tCk1JSURKekNDQWcrZ0F3SUJBZ0lDQm5Vd0RRWUpLb1pJaHZjTkFRRUxCUUF3TXpFVk1CTUdBMVVFQ2hNTVJHbG4KYVhSaGJFOWpaV0Z1TVJvd0dBWURWUVFERXhGck9ITmhZWE1nUTJ4MWMzUmxjaUJEUVRBZUZ3MHlNekF4TWprdwpNRFV5TWpKYUZ3MDBNekF4TWprd01EVXlNakphTURNeEZUQVRCZ05WQkFvVERFUnBaMmwwWVd4UFkyVmhiakVhCk1CZ0dBMVVFQXhNUmF6aHpZV0Z6SUVOc2RYTjBaWElnUTBFd2dnRWlNQTBHQ1NxR1NJYjNEUUVCQVFVQUE0SUIKRHdBd2dnRUtBb0lCQVFER1JPdXp2L0piU24vaDFiWmZRc0s5RnkrZnRGSzZCNlpqOU11MTRucmJmL2E5V0Z4dwpiM29pTGdDWStBVFpEOHAybS9waDltUG9BMVFnSzBYM3BkZ1lkcE0xQlFXbW1wRWQ5ZFJsZzBlU1BsWHlsODhtClNQTGRLcE9waWM4WldHd2YxTVRLMi82bGY3MzNHanBicU14aE1NWWVsUiszYldLYmZBNTlkVzVkNHJqN1Yyck0KSEExY2g4c25wTmo1cWJZeG92dFZHbWNxWG9ESG4zc2V4b2NEUFdJL3N3RSs2ZjVLZnVteFUzaDZTWlhBOFc1bgpzRmZ1ZDFFelFhUkUvVjdEdU4xOEh1b3E5SGUzR3RMRGppWGdTMDg1L2VkejZDZjRpSVFTMzhza01FSHJzWjU4Cnl1VzRzZVpOdU0zSUt6U01TMXlhM2Jkam9pZ0p2UTdnUktvaEFnTUJBQUdqUlRCRE1BNEdBMVVkRHdFQi93UUUKQXdJQmhqQVNCZ05WSFJNQkFmOEVDREFHQVFIL0FnRUFNQjBHQTFVZERnUVdCQlRxeDhySk9oOXFDZTZOTEJpNApnR29HOUxVSmtqQU5CZ2txaGtpRzl3MEJBUXNGQUFPQ0FRRUFnb0tTL2ZBQzBmak5ualNoOERKZnQ5S3R1Sk95CmI1TXcwZ0hDd1RZbXFrV3VEUS9rVFNWU0VpZU00c3B1UUg2VVVRSEdhQnJCZ1R5RW5sRjFNcmw3LzBSL3lja28KNk5wMkQ0T2wzeTI3aEwrcDFVMGtDWWFQaDF3SXJjdDdqNk45eVJkaFQyZkwxZHpIQU1aQnNiTWV2eHJWNklOVgpCdytUZTkrT2FOR3RIbVFrODFzOXFiOTQ3NHU1amNseFR4Tk04c0Q3RlVMNnRXZVVsNlJTeXhab0R6SW5VVi8wCktKeXREMTQxaG5ONzNQNkhOS0F0RlBoZE1TTTlpNXRzQUM4U29WZlN2enFZYjdldFk2bUdISzN1ODUxQUhnOEIKMUtHbHI4RGg4em5JZk5uR3dBaDJwMVpGTzBNaUdwblJ2UXJYd3ZpQWQ2c2V4RVZudFdENDcyUCtndz09Ci0tLS0tRU5EIENFUlRJRklDQVRFLS0tLS0K\n    server: https://34229cd8-728b-4018-976e-dc63be65b9d8.k8s.ondigitalocean.com\n  name: do-nyc1-k8s\ncontexts:\n- context:\n    cluster: do-nyc1-k8s\n    user: do-nyc1-k8s-admin\n  name: do-nyc1-k8s\ncurrent-context: do-nyc1-k8s\nusers:\n- name: do-nyc1-k8s-admin\n  user:\n    token: dop_v1_c6d283047be76277ad1bff1709e4ece425805224c2ee6113ef838b2a5ee04815\n",
                "token": "dop_v1_c6d283047be76277ad1bff1709e4ece425805224c2ee6113ef838b2a5ee04815"
              }
            ],
            "maintenance_policy": [
              {
                "day": "any",
                "duration": "4h0m0s",
                "start_time": "9:00"
              }
            ],
            "name": "k8s",
            "node_pool": [
              {
                "actual_node_count": 2,
                "auto_scale": false,
                "id": "039be90b-276e-42ab-8db8-a67160b61755",
                "labels": null,
                "max_nodes": 0,
                "min_nodes": 0,
                "name": "default",
                "node_count": 2,
                "nodes": [
                  {
                    "created_at": "2023-01-29 00:52:12 +0000 UTC",
                    "droplet_id": "338043127",
                    "id": "60a3153a-bcc0-495f-8ddb-e77fd41da1ae",
                    "name": "default-qnp2r",
                    "status": "running",
                    "updated_at": "2023-01-29 00:53:44 +0000 UTC"
                  },
                  {
                    "created_at": "2023-01-29 00:52:12 +0000 UTC",
                    "droplet_id": "338043128",
                    "id": "4652fe47-3050-446d-8149-0428c8f5e39b",
                    "name": "default-qnp2b",
                    "status": "running",
                    "updated_at": "2023-01-29 00:53:44 +0000 UTC"
                  }
                ],
                "size": "s-2vcpu-2gb",
                "tags": null,
                "taint": []
              }
            ],
            "region": "nyc1",
            "service_subnet": "10.245.0.0/16",
            "status": "running",
            "surge_upgrade": true,
            "tags": null,
            "timeouts": null,
            "updated_at": "2023-01-29 00:57:03 +0000 UTC",
            "urn": "do:kubernetes:34229cd8-728b-4018-976e-dc63be65b9d8",
            "version": "1.25.4-do.0",
            "vpc_uuid": "0e06f595-02cc-4d54-a6b7-d447ba4b1d91"
          },
          "sensitive_attributes": [],
          "private": "eyJlMmJmYjczMC1lY2FhLTExZTYtOGY4OC0zNDM2M2JjN2M0YzAiOnsiY3JlYXRlIjoxODAwMDAwMDAwMDAwfSwic2NoZW1hX3ZlcnNpb24iOiIzIn0="
        }
      ]
    }
  ],
  "check_results": null
}
