{
  "version": 4,
  "terraform_version": "1.3.7",
  "serial": 6,
  "lineage": "2cb63df4-c73a-cdf2-0663-b64b7b61416c",
  "outputs": {},
  "resources": [
    {
      "mode": "data",
      "type": "digitalocean_ssh_key",
      "name": "jornada",
      "provider": "provider[\"registry.terraform.io/digitalocean/digitalocean\"]",
      "instances": [
        {
          "schema_version": 0,
          "attributes": {
            "fingerprint": "15:30:aa:68:e6:d7:90:d5:34:60:0a:29:ee:83:be:c7",
            "id": 37380774,
            "name": "Jornada",
            "public_key": "ssh-rsa AAAAB3NzaC1yc2EAAAADAQABAAABAQDlEA8vtnZ5u/ui6IdM5jwPgf7XgoUfcVc131GOJapRLM3NUMs4kaG9mX8u2gz89ZukyEoLDXg5LAIebFIib/YX3oBFsBGxwx9foeG6FQrmzDtRB7WFzS0bOif9p9JFOyK1SdrFjW+V0+zbe5divZbpJ/8cpr9OxR7k3ezDtWq1CoVp8cf8mAF1XpqpGBfAi0bUw5Jj3O6qlHWs51Q9DmXVBj+/VWyS7bFpDVXVrixiea9rahqxMUZN++5QfB4xwP7w3O4OenQeLw1ggfsO1Mc1UfmxPCYvootKI0LNSxvl+Ti7RgMm7YG4/lcPE50+swD2wyVRTW4KdvCyPfjIMpa1 nico@pop-os\n"
          },
          "sensitive_attributes": []
        }
      ]
    },
    {
      "mode": "managed",
      "type": "digitalocean_droplet",
      "name": "jenkins",
      "provider": "provider[\"registry.terraform.io/digitalocean/digitalocean\"]",
      "instances": [
        {
          "schema_version": 1,
          "attributes": {
            "backups": false,
            "created_at": "2023-01-28T23:39:32Z",
            "disk": 60,
            "droplet_agent": null,
            "graceful_shutdown": false,
            "id": "338035759",
            "image": "ubuntu-22-04-x64",
            "ipv4_address": "137.184.146.41",
            "ipv4_address_private": "10.116.0.2",
            "ipv6": false,
            "ipv6_address": "",
            "locked": false,
            "memory": 2048,
            "monitoring": false,
            "name": "jenkins",
            "price_hourly": 0.02679,
            "price_monthly": 18,
            "private_networking": true,
            "region": "nyc1",
            "resize_disk": true,
            "size": "s-2vcpu-2gb",
            "ssh_keys": [
              "37380774"
            ],
            "status": "active",
            "tags": [],
            "timeouts": null,
            "urn": "do:droplet:338035759",
            "user_data": null,
            "vcpus": 2,
            "volume_ids": [],
            "vpc_uuid": "0e06f595-02cc-4d54-a6b7-d447ba4b1d91"
          },
          "sensitive_attributes": [],
          "private": "eyJlMmJmYjczMC1lY2FhLTExZTYtOGY4OC0zNDM2M2JjN2M0YzAiOnsiY3JlYXRlIjozNjAwMDAwMDAwMDAwLCJkZWxldGUiOjYwMDAwMDAwMDAwLCJ1cGRhdGUiOjM2MDAwMDAwMDAwMDB9LCJzY2hlbWFfdmVyc2lvbiI6IjEifQ==",
          "dependencies": [
            "data.digitalocean_ssh_key.jornada"
          ]
        }
      ]
    }
  ],
  "check_results": null
}
