{
  "version": 4,
  "terraform_version": "1.3.7",
  "serial": 16,
  "lineage": "2cb63df4-c73a-cdf2-0663-b64b7b61416c",
  "outputs": {
    "jenkins_ip": {
      "value": "137.184.146.41",
      "type": "string"
    }
  },
  "resources": [
    {
      "mode": "data",
      "type": "digitalocean_ssh_key",
      "name": "ssh_key",
      "provider": "provider[\"registry.terraform.io/digitalocean/digitalocean\"]",
      "instances": [
        {
          "schema_version": 0,
          "attributes": {
            "fingerprint": "15:30:aa:68:e6:d7:90:d5:34:60:0a:29:ee:83:be:c7",
            "id": 37380774,
            "name": "Jornada",
            "public_key": "ssh-rsa AAAAB3NzaC1yc2EAAAADAQABAAABAQDlEA8vtnZ5u/ui6IdM5jwPgf7XgoUfcVc131GOJapRLM3NUMs4kaG9mX8u2gz89ZukyEoLDXg5LAIebFIib/YX3oBFsBGxwx9foeG6FQrmzDtRB7WFzS0bOif9p9JFOyK1SdrFjW+V0+zbe5divZbpJ/8cpr9OxR7k3ezDtWq1CoVp8cf8mAF1XpqpGBfAi0bUw5Jj3O6qlHWs51Q9DmXVBj+/VWyS7bFpDVXVrixiea9rahqxMUZN++5QfB4xwP7w3O4OenQeLw1ggfsO1Mc1UfmxPCYvootKI0LNSxvl+Ti7RgMm7YG4/lcPE50+swD2wyVRTW4KdvCyPfjIMpa1 nico@pop-os\n"
          },
          "sensitive_attributes": []
        }
      ]
    },
    {
      "mode": "managed",
      "type": "digitalocean_droplet",
      "name": "jenkins",
      "provider": "provider[\"registry.terraform.io/digitalocean/digitalocean\"]",
      "instances": [
        {
          "schema_version": 1,
          "attributes": {
            "backups": false,
            "created_at": "2023-01-29T17:10:53Z",
            "disk": 60,
            "droplet_agent": null,
            "graceful_shutdown": false,
            "id": "338131262",
            "image": "ubuntu-22-04-x64",
            "ipv4_address": "174.138.32.209",
            "ipv4_address_private": "10.116.0.2",
            "ipv6": false,
            "ipv6_address": "",
            "locked": false,
            "memory": 2048,
            "monitoring": false,
            "name": "jenkins",
            "price_hourly": 0.02679,
            "price_monthly": 18,
            "private_networking": true,
            "region": "nyc1",
            "resize_disk": true,
            "size": "s-2vcpu-2gb",
            "ssh_keys": [
              "37380774"
            ],
            "status": "active",
            "tags": null,
            "timeouts": null,
            "urn": "do:droplet:338131262",
            "user_data": null,
            "vcpus": 2,
            "volume_ids": [],
            "vpc_uuid": "0e06f595-02cc-4d54-a6b7-d447ba4b1d91"
          },
          "sensitive_attributes": [],
          "private": "eyJlMmJmYjczMC1lY2FhLTExZTYtOGY4OC0zNDM2M2JjN2M0YzAiOnsiY3JlYXRlIjozNjAwMDAwMDAwMDAwLCJkZWxldGUiOjYwMDAwMDAwMDAwLCJ1cGRhdGUiOjM2MDAwMDAwMDAwMDB9LCJzY2hlbWFfdmVyc2lvbiI6IjEifQ==",
          "dependencies": [
            "data.digitalocean_ssh_key.ssh_key"
          ]
        }
      ]
    },
    {
      "mode": "managed",
      "type": "digitalocean_kubernetes_cluster",
      "name": "k8s",
      "provider": "provider[\"registry.terraform.io/digitalocean/digitalocean\"]",
      "instances": [
        {
          "schema_version": 3,
          "attributes": {
            "auto_upgrade": false,
            "cluster_subnet": "10.244.0.0/16",
            "created_at": "2023-01-29 17:10:54 +0000 UTC",
            "endpoint": "https://255925cb-2496-4c4d-9fca-63d4050e5a48.k8s.ondigitalocean.com",
            "ha": false,
            "id": "255925cb-2496-4c4d-9fca-63d4050e5a48",
            "ipv4_address": "",
            "kube_config": [
              {
                "client_certificate": "",
                "client_key": "",
                "cluster_ca_certificate": "LS0tLS1CRUdJTiBDRVJUSUZJQ0FURS0tLS0tCk1JSURKekNDQWcrZ0F3SUJBZ0lDQm5Vd0RRWUpLb1pJaHZjTkFRRUxCUUF3TXpFVk1CTUdBMVVFQ2hNTVJHbG4KYVhSaGJFOWpaV0Z1TVJvd0dBWURWUVFERXhGck9ITmhZWE1nUTJ4MWMzUmxjaUJEUVRBZUZ3MHlNekF4TWpreApOekV4TUROYUZ3MDBNekF4TWpreE56RXhNRE5hTURNeEZUQVRCZ05WQkFvVERFUnBaMmwwWVd4UFkyVmhiakVhCk1CZ0dBMVVFQXhNUmF6aHpZV0Z6SUVOc2RYTjBaWElnUTBFd2dnRWlNQTBHQ1NxR1NJYjNEUUVCQVFVQUE0SUIKRHdBd2dnRUtBb0lCQVFEUjUwaVQ1UUdMWVc4dCtQaEtmQ1k5UlJCdkhaYURlVjluSTZkZi9GQlVwS1VkYmRFUwpBeDBxak00NWVaVFFvTlhUL0FoRmExd082QnBNLzZPanFKNWVndE5vaUlHTVB5WlpWWXJPZ1lBc2tlYUR0UXlYCjlXa2pzRTRjVlFNVHZnL1QwcGpoRzN2NElmYTl6UkI3OGpMcmsrektVaWkrMWdvMGJ4Mys1cytNVUdxblNvSFYKV2xNQWpxSFpRR2RpWjcvZ05iaUdaM2t3dlR2Z0ZmRGsycnF4VndtNnRzcFZoNnVVd3hMQ1l1U3h4ajQyVVFvUwpNcHBzT0prRHpSWjBvU0ZTSW90T3RzblJQZDRqQUJUSlVHaWZOVG1Ld1hUUm9UTU05YzlUVkJHVHZhRWhjS3JTCjBpUVlhM1FiTi9LT1EwWEdzKyt2cWQzY2d1YTFicUl4T3FsYkFnTUJBQUdqUlRCRE1BNEdBMVVkRHdFQi93UUUKQXdJQmhqQVNCZ05WSFJNQkFmOEVDREFHQVFIL0FnRUFNQjBHQTFVZERnUVdCQlRzMmlDSHNzQkE2MkpsM2xNSQpseXE1WW4xcTV6QU5CZ2txaGtpRzl3MEJBUXNGQUFPQ0FRRUFDK0cwWFFDSlNVcks4RzV1UFpGMzlic0VpN0o2CmdIVHo1OGtRTEFzb0E1cXY4UGxrbmVCdU5qRzdmMk5yWW9LM2FxTGloZ3RuVFUrdXBUSHdCZ2dVUERVV0R1YmsKV2VnanAzTkw3SHZ3MHJQeFpCMENGNThnVmtrcVBha0hNYVR6ZVlJb3RWMGpPUnFCZ2NmaUxvb2xGbWdiSjVYRgpqdmUvVFJXMFowTVRITUU4MjdDTGw3NWh4UWJ4dmdvQWlldTdsNGxGclp6cm5DdXpUTG8ycWdNNHBTV1hMYWw2CjJpdG83bEgxZGZXNnJMOEFhajN3ZlRTc0o3WDRLMGxWOUphSUUvMVpneDl6b0tYZkpBMGRJSlNoWXJ2UFJIbFQKL0QyamZOc2ZXU3gxYWQzM0FzNUlrdGFreHN5RkFLZ29kN2JYcW16QjhIMGtrWkNIak1vcENaTCs2UT09Ci0tLS0tRU5EIENFUlRJRklDQVRFLS0tLS0K",
                "expires_at": "2023-02-05T17:16:35Z",
                "host": "https://255925cb-2496-4c4d-9fca-63d4050e5a48.k8s.ondigitalocean.com",
                "raw_config": "apiVersion: v1\nkind: Config\nclusters:\n- cluster:\n    certificate-authority-data: LS0tLS1CRUdJTiBDRVJUSUZJQ0FURS0tLS0tCk1JSURKekNDQWcrZ0F3SUJBZ0lDQm5Vd0RRWUpLb1pJaHZjTkFRRUxCUUF3TXpFVk1CTUdBMVVFQ2hNTVJHbG4KYVhSaGJFOWpaV0Z1TVJvd0dBWURWUVFERXhGck9ITmhZWE1nUTJ4MWMzUmxjaUJEUVRBZUZ3MHlNekF4TWpreApOekV4TUROYUZ3MDBNekF4TWpreE56RXhNRE5hTURNeEZUQVRCZ05WQkFvVERFUnBaMmwwWVd4UFkyVmhiakVhCk1CZ0dBMVVFQXhNUmF6aHpZV0Z6SUVOc2RYTjBaWElnUTBFd2dnRWlNQTBHQ1NxR1NJYjNEUUVCQVFVQUE0SUIKRHdBd2dnRUtBb0lCQVFEUjUwaVQ1UUdMWVc4dCtQaEtmQ1k5UlJCdkhaYURlVjluSTZkZi9GQlVwS1VkYmRFUwpBeDBxak00NWVaVFFvTlhUL0FoRmExd082QnBNLzZPanFKNWVndE5vaUlHTVB5WlpWWXJPZ1lBc2tlYUR0UXlYCjlXa2pzRTRjVlFNVHZnL1QwcGpoRzN2NElmYTl6UkI3OGpMcmsrektVaWkrMWdvMGJ4Mys1cytNVUdxblNvSFYKV2xNQWpxSFpRR2RpWjcvZ05iaUdaM2t3dlR2Z0ZmRGsycnF4VndtNnRzcFZoNnVVd3hMQ1l1U3h4ajQyVVFvUwpNcHBzT0prRHpSWjBvU0ZTSW90T3RzblJQZDRqQUJUSlVHaWZOVG1Ld1hUUm9UTU05YzlUVkJHVHZhRWhjS3JTCjBpUVlhM1FiTi9LT1EwWEdzKyt2cWQzY2d1YTFicUl4T3FsYkFnTUJBQUdqUlRCRE1BNEdBMVVkRHdFQi93UUUKQXdJQmhqQVNCZ05WSFJNQkFmOEVDREFHQVFIL0FnRUFNQjBHQTFVZERnUVdCQlRzMmlDSHNzQkE2MkpsM2xNSQpseXE1WW4xcTV6QU5CZ2txaGtpRzl3MEJBUXNGQUFPQ0FRRUFDK0cwWFFDSlNVcks4RzV1UFpGMzlic0VpN0o2CmdIVHo1OGtRTEFzb0E1cXY4UGxrbmVCdU5qRzdmMk5yWW9LM2FxTGloZ3RuVFUrdXBUSHdCZ2dVUERVV0R1YmsKV2VnanAzTkw3SHZ3MHJQeFpCMENGNThnVmtrcVBha0hNYVR6ZVlJb3RWMGpPUnFCZ2NmaUxvb2xGbWdiSjVYRgpqdmUvVFJXMFowTVRITUU4MjdDTGw3NWh4UWJ4dmdvQWlldTdsNGxGclp6cm5DdXpUTG8ycWdNNHBTV1hMYWw2CjJpdG83bEgxZGZXNnJMOEFhajN3ZlRTc0o3WDRLMGxWOUphSUUvMVpneDl6b0tYZkpBMGRJSlNoWXJ2UFJIbFQKL0QyamZOc2ZXU3gxYWQzM0FzNUlrdGFreHN5RkFLZ29kN2JYcW16QjhIMGtrWkNIak1vcENaTCs2UT09Ci0tLS0tRU5EIENFUlRJRklDQVRFLS0tLS0K\n    server: https://255925cb-2496-4c4d-9fca-63d4050e5a48.k8s.ondigitalocean.com\n  name: do-nyc1-k8s\ncontexts:\n- context:\n    cluster: do-nyc1-k8s\n    user: do-nyc1-k8s-admin\n  name: do-nyc1-k8s\ncurrent-context: do-nyc1-k8s\nusers:\n- name: do-nyc1-k8s-admin\n  user:\n    token: dop_v1_bb917cf15b8903e85ba06456913c5e0d8bc999d581bb4d619f16059fca0ea19b\n",
                "token": "dop_v1_bb917cf15b8903e85ba06456913c5e0d8bc999d581bb4d619f16059fca0ea19b"
              }
            ],
            "maintenance_policy": [
              {
                "day": "any",
                "duration": "4h0m0s",
                "start_time": "14:00"
              }
            ],
            "name": "k8s",
            "node_pool": [
              {
                "actual_node_count": 2,
                "auto_scale": false,
                "id": "39bed584-f8cf-45c2-a7a8-7c29d6bf2098",
                "labels": null,
                "max_nodes": 0,
                "min_nodes": 0,
                "name": "default",
                "node_count": 2,
                "nodes": [
                  {
                    "created_at": "2023-01-29 17:10:54 +0000 UTC",
                    "droplet_id": "338131377",
                    "id": "d044b28c-8440-4de8-987f-f41a1b38bfa3",
                    "name": "default-qn1mt",
                    "status": "running",
                    "updated_at": "2023-01-29 17:12:25 +0000 UTC"
                  },
                  {
                    "created_at": "2023-01-29 17:10:54 +0000 UTC",
                    "droplet_id": "338131376",
                    "id": "ff7cc452-5a76-4cc6-b3f3-9ac90bc3957b",
                    "name": "default-qn1ml",
                    "status": "running",
                    "updated_at": "2023-01-29 17:12:25 +0000 UTC"
                  }
                ],
                "size": "s-2vcpu-2gb",
                "tags": null,
                "taint": []
              }
            ],
            "region": "nyc1",
            "service_subnet": "10.245.0.0/16",
            "status": "running",
            "surge_upgrade": true,
            "tags": null,
            "timeouts": null,
            "updated_at": "2023-01-29 17:16:25 +0000 UTC",
            "urn": "do:kubernetes:255925cb-2496-4c4d-9fca-63d4050e5a48",
            "version": "1.25.4-do.0",
            "vpc_uuid": "0e06f595-02cc-4d54-a6b7-d447ba4b1d91"
          },
          "sensitive_attributes": [],
          "private": "eyJlMmJmYjczMC1lY2FhLTExZTYtOGY4OC0zNDM2M2JjN2M0YzAiOnsiY3JlYXRlIjoxODAwMDAwMDAwMDAwfSwic2NoZW1hX3ZlcnNpb24iOiIzIn0="
        }
      ]
    }
  ],
  "check_results": null
}
